
Microsoft Visual Studio Solution File, Format Version 12.00
# Visual Studio Version 17
VisualStudioVersion = 17.0.31919.166
MinimumVisualStudioVersion = 10.0.40219.1
Project("{FAE04EC0-301F-11D3-BF4B-00C04F79EFBC}") = "WpfApp6", "WpfApp6\WpfApp6.csproj", "{6AF9A8C5-42D1-4241-9C96-F4B38F19B189}"
EndProject
Global
	GlobalSection(SolutionConfigurationPlatforms) = preSolution
		Debug|Any CPU = Debug|Any CPU
		Release|Any CPU = Release|Any CPU
	EndGlobalSection
	GlobalSection(ProjectConfigurationPlatforms) = postSolution
		{6AF9A8C5-42D1-4241-9C96-F4B38F19B189}.Debug|Any CPU.ActiveCfg = Debug|Any CPU
		{6AF9A8C5-42D1-4241-9C96-F4B38F19B189}.Debug|Any CPU.Build.0 = Debug|Any CPU
		{6AF9A8C5-42D1-4241-9C96-F4B38F19B189}.Release|Any CPU.ActiveCfg = Release|Any CPU
		{6AF9A8C5-42D1-4241-9C96-F4B38F19B189}.Release|Any CPU.Build.0 = Release|Any CPU
	EndGlobalSection
	GlobalSection(SolutionProperties) = preSolution
		HideSolutionNode = FALSE
	EndGlobalSection
	GlobalSection(ExtensibilityGlobals) = postSolution
		SolutionGuid = {81A40FE5-5E38-495C-8094-0F9A1E6DE3E1}
	EndGlobalSection
EndGlobal
